# This is a Gradle generated file for dependency locking.
# Manual edits can break the build and are not advised.
# This file is expected to be part of source control.
ca.weblite:java-objc-bridge:1.1=compileClasspath
com.demonwav.mcdev:annotations:2.1.0=compileClasspath
com.electronwill.night-config:core:3.8.3=compileClasspath,runtimeClasspath
com.electronwill.night-config:toml:3.8.3=compileClasspath,runtimeClasspath
com.github.oshi:oshi-core:6.4.10=compileClasspath,runtimeClasspath
com.google.code.findbugs:jsr305:3.0.2=compileClasspath,runtimeClasspath
com.google.code.gson:gson:2.10.1=compileClasspath,runtimeClasspath
com.google.errorprone:error_prone_annotations:2.18.0=compileClasspath,runtimeClasspath
com.google.guava:failureaccess:1.0.1=compileClasspath,runtimeClasspath
com.google.guava:guava:32.1.2-jre=compileClasspath,runtimeClasspath
com.google.guava:listenablefuture:9999.0-empty-to-avoid-conflict-with-guava=compileClasspath,runtimeClasspath
com.google.j2objc:j2objc-annotations:2.8=compileClasspath,runtimeClasspath
com.ibm.icu:icu4j:73.2=compileClasspath,runtimeClasspath
com.machinezoo.noexception:noexception:1.7.1=compileClasspath,runtimeClasspath
com.mojang:authlib:6.0.54=compileClasspath,runtimeClasspath
com.mojang:blocklist:1.0.10=compileClasspath,runtimeClasspath
com.mojang:brigadier:1.3.10=compileClasspath,runtimeClasspath
com.mojang:datafixerupper:8.0.16=compileClasspath,runtimeClasspath
com.mojang:logging:1.2.7=compileClasspath,runtimeClasspath
com.mojang:patchy:2.2.10=compileClasspath,runtimeClasspath
com.mojang:text2speech:1.17.9=compileClasspath,runtimeClasspath
commons-codec:commons-codec:1.16.0=compileClasspath,runtimeClasspath
commons-io:commons-io:2.15.1=compileClasspath,runtimeClasspath
commons-logging:commons-logging:1.2=compileClasspath,runtimeClasspath
cpw.mods:bootstraplauncher:2.0.2=compileClasspath,runtimeClasspath
cpw.mods:modlauncher:11.0.5=compileClasspath,runtimeClasspath
cpw.mods:securejarhandler:3.0.8=compileClasspath,runtimeClasspath
dev.latvian.mods:kubejs-neoforge:2101.7.2-build.374=compileClasspath
dev.latvian.mods:rhino:2101.2.7-build.81=compileClasspath
io.github.llamalad7:mixinextras-neoforge:0.5.3=compileClasspath
io.netty:netty-buffer:4.1.97.Final=compileClasspath,runtimeClasspath
io.netty:netty-codec:4.1.97.Final=compileClasspath,runtimeClasspath
io.netty:netty-common:4.1.97.Final=compileClasspath,runtimeClasspath
io.netty:netty-handler:4.1.97.Final=compileClasspath,runtimeClasspath
io.netty:netty-resolver:4.1.97.Final=compileClasspath,runtimeClasspath
io.netty:netty-transport-classes-epoll:4.1.97.Final=compileClasspath,runtimeClasspath
io.netty:netty-transport-native-unix-common:4.1.97.Final=compileClasspath,runtimeClasspath
io.netty:netty-transport:4.1.97.Final=compileClasspath,runtimeClasspath
it.unimi.dsi:fastutil:8.5.12=compileClasspath,runtimeClasspath
maven.modrinth:fRiHVvU7:ouSj7NfF=compileClasspath
mezz.jei:jei-1.21.1-common-api:19.44.0.405=compileClasspath
mezz.jei:jei-1.21.1-neoforge-api:19.44.0.405=compileClasspath
mezz.jei:jei-1.21.1-neoforge:19.44.0.405=runtimeClasspath,testRuntimeClasspath
net.fabricmc:sponge-mixin:0.15.2+mixin.0.8.7=compileClasspath,runtimeClasspath
net.java.dev.jna:jna-platform:5.14.0=compileClasspath,runtimeClasspath
net.java.dev.jna:jna:5.14.0=compileClasspath,runtimeClasspath
net.jodah:typetools:0.6.3=compileClasspath,runtimeClasspath
net.minecraftforge:srgutils:0.4.15=runtimeClasspath
net.minecrell:terminalconsoleappender:1.3.0=compileClasspath,runtimeClasspath
net.neoforged.accesstransformers:at-modlauncher:10.0.1=runtimeClasspath
net.neoforged.fancymodloader:earlydisplay:4.0.43=compileClasspath,runtimeClasspath
net.neoforged.fancymodloader:loader:4.0.43=compileClasspath,runtimeClasspath
net.neoforged:DevLaunch:1.0.2=runtimeClasspath
net.neoforged:JarJarFileSystems:0.4.1=compileClasspath,runtimeClasspath
net.neoforged:JarJarMetadata:0.4.1=compileClasspath,runtimeClasspath
net.neoforged:JarJarSelector:0.4.1=compileClasspath,runtimeClasspath
net.neoforged:accesstransformers:10.0.1=compileClasspath,runtimeClasspath
net.neoforged:bus:8.0.5=compileClasspath,runtimeClasspath
net.neoforged:coremods:7.0.3=compileClasspath,runtimeClasspath
net.neoforged:mergetool:2.0.0=runtimeClasspath
net.neoforged:mergetool:2.0.3=compileClasspath
net.neoforged:minecraft-dependencies:1.21.1=compileClasspath,runtimeClasspath
net.neoforged:neoforge:21.1.248=compileClasspath,runtimeClasspath
net.neoforged:neoform:1.21.1-20240808.144430=compileClasspath,runtimeClasspath
net.sf.jopt-simple:jopt-simple:5.0.4=compileClasspath,runtimeClasspath
org.antlr:antlr4-runtime:4.13.1=compileClasspath,runtimeClasspath
org.apache.commons:commons-compress:1.26.0=compileClasspath,runtimeClasspath
org.apache.commons:commons-lang3:3.14.0=compileClasspath,runtimeClasspath
org.apache.httpcomponents:httpclient:4.5.13=compileClasspath,runtimeClasspath
org.apache.httpcomponents:httpcore:4.4.16=compileClasspath,runtimeClasspath
org.apache.logging.log4j:log4j-api:2.22.1=compileClasspath,runtimeClasspath
org.apache.logging.log4j:log4j-core:2.22.1=compileClasspath,runtimeClasspath
org.apache.logging.log4j:log4j-slf4j2-impl:2.22.1=compileClasspath,runtimeClasspath
org.apache.maven:maven-artifact:3.8.5=compileClasspath,runtimeClasspath
org.apiguardian:apiguardian-api:1.1.2=testCompileClasspath
org.checkerframework:checker-qual:3.33.0=compileClasspath,runtimeClasspath
org.codehaus.plexus:plexus-utils:3.3.0=compileClasspath,runtimeClasspath
org.jcraft:jorbis:0.0.17=compileClasspath,runtimeClasspath
org.jetbrains:annotations:24.1.0=compileClasspath
org.jline:jline-reader:3.20.0=compileClasspath,runtimeClasspath
org.jline:jline-terminal:3.20.0=compileClasspath,runtimeClasspath
org.joml:joml:1.10.5=compileClasspath,runtimeClasspath
org.junit.jupiter:junit-jupiter-api:5.11.4=testCompileClasspath,testRuntimeClasspath
org.junit.jupiter:junit-jupiter-engine:5.11.4=testRuntimeClasspath
org.junit.jupiter:junit-jupiter-params:5.11.4=testCompileClasspath,testRuntimeClasspath
org.junit.jupiter:junit-jupiter:5.11.4=testCompileClasspath,testRuntimeClasspath
org.junit.platform:junit-platform-commons:1.11.4=testCompileClasspath,testRuntimeClasspath
org.junit.platform:junit-platform-engine:1.11.4=testRuntimeClasspath
org.junit.platform:junit-platform-launcher:1.11.4=testRuntimeClasspath
org.junit:junit-bom:5.11.4=testCompileClasspath,testRuntimeClasspath
org.lwjgl:lwjgl-freetype:3.3.3=compileClasspath,runtimeClasspath
org.lwjgl:lwjgl-glfw:3.3.3=compileClasspath,runtimeClasspath
org.lwjgl:lwjgl-jemalloc:3.3.3=compileClasspath,runtimeClasspath
org.lwjgl:lwjgl-openal:3.3.3=compileClasspath,runtimeClasspath
org.lwjgl:lwjgl-opengl:3.3.3=compileClasspath,runtimeClasspath
org.lwjgl:lwjgl-stb:3.3.3=compileClasspath,runtimeClasspath
org.lwjgl:lwjgl-tinyfd:3.3.3=compileClasspath,runtimeClasspath
org.lwjgl:lwjgl:3.3.3=compileClasspath,runtimeClasspath
org.lz4:lz4-java:1.8.0=compileClasspath,runtimeClasspath
org.openjdk.nashorn:nashorn-core:15.4=compileClasspath,runtimeClasspath
org.opentest4j:opentest4j:1.3.0=testCompileClasspath,testRuntimeClasspath
org.ow2.asm:asm-analysis:9.10.1=compileClasspath,runtimeClasspath
org.ow2.asm:asm-commons:9.10.1=compileClasspath,runtimeClasspath
org.ow2.asm:asm-tree:9.10.1=compileClasspath,runtimeClasspath
org.ow2.asm:asm-util:9.10.1=compileClasspath,runtimeClasspath
org.ow2.asm:asm:9.10.1=compileClasspath,runtimeClasspath
org.slf4j:slf4j-api:2.0.9=compileClasspath,runtimeClasspath
top.theillusivec4.curios:curios-neoforge:9.5.1+1.21.1=compileClasspath,runtimeClasspath,testRuntimeClasspath
vazkii.patchouli:Patchouli:1.21.1-93-NEOFORGE=compileClasspath,runtimeClasspath,testCompileClasspath,testRuntimeClasspath
empty=
